
Microsoft Visual Studio Solution File, Format Version 12.00
# Visual Studio Version 17
VisualStudioVersion = 17.14.36327.8 d17.14
MinimumVisualStudioVersion = 10.0.40219.1
Project("{FAE04EC0-301F-11D3-BF4B-00C04F79EFBC}") = "HealthOps_Project", "HealthOps_Project\HealthOps_Project.csproj", "{A15AD5FE-D917-436A-9699-6614780EC7DF}"
EndProject
Global
	GlobalSection(SolutionConfigurationPlatforms) = preSolution
		Debug|Any CPU = Debug|Any CPU
		Release|Any CPU = Release|Any CPU
	EndGlobalSection
	GlobalSection(ProjectConfigurationPlatforms) = postSolution
		{A15AD5FE-D917-436A-9699-6614780EC7DF}.Debug|Any CPU.ActiveCfg = Debug|Any CPU
		{A15AD5FE-D917-436A-9699-6614780EC7DF}.Debug|Any CPU.Build.0 = Debug|Any CPU
		{A15AD5FE-D917-436A-9699-6614780EC7DF}.Release|Any CPU.ActiveCfg = Release|Any CPU
		{A15AD5FE-D917-436A-9699-6614780EC7DF}.Release|Any CPU.Build.0 = Release|Any CPU
	EndGlobalSection
	GlobalSection(SolutionProperties) = preSolution
		HideSolutionNode = FALSE
	EndGlobalSection
	GlobalSection(ExtensibilityGlobals) = postSolution
		SolutionGuid = {DC70F57B-231C-41F0-A35C-5ABE6728278A}
	EndGlobalSection
EndGlobal
